Microsoft Visual Studio Solution File, Format Version 12.00
# Visual Studio Version 17
VisualStudioVersion = 17.5.33530.505
MinimumVisualStudioVersion = 10.0.40219.1
Project("{9A19103F-16F7-4668-BE54-9A1E7A4F7556}") = "FhirMigrationTool", "src\FhirMigrationTool\FhirMigrationTool.csproj", "{A43CA601-3729-4E8F-B8B2-31DC84C410F5}"
EndProject
Project("{9A19103F-16F7-4668-BE54-9A1E7A4F7556}") = "FhirMigrationTool.Test", "test\FhirMigrationTool.Test\FhirMigrationTool.Test.csproj", "{2E63DF62-4D10-4154-8285-F0128A5D3E4B}"
EndProject
Project("{FAE04EC0-301F-11D3-BF4B-00C04F79EFBC}") = "FhirMigrationToolE2ETest", "FhirMigrationToolE2ETest\FhirMigrationToolE2ETest.csproj", "{CE411084-F3CC-46F9-844F-34C819B7DC17}"
EndProject
Global
	GlobalSection(SolutionConfigurationPlatforms) = preSolution
		Debug|Any CPU = Debug|Any CPU
		Release|Any CPU = Release|Any CPU
	EndGlobalSection
	GlobalSection(ProjectConfigurationPlatforms) = postSolution
		{A43CA601-3729-4E8F-B8B2-31DC84C410F5}.Debug|Any CPU.ActiveCfg = Debug|Any CPU
		{A43CA601-3729-4E8F-B8B2-31DC84C410F5}.Debug|Any CPU.Build.0 = Debug|Any CPU
		{A43CA601-3729-4E8F-B8B2-31DC84C410F5}.Release|Any CPU.ActiveCfg = Release|Any CPU
		{A43CA601-3729-4E8F-B8B2-31DC84C410F5}.Release|Any CPU.Build.0 = Release|Any CPU
		{2E63DF62-4D10-4154-8285-F0128A5D3E4B}.Debug|Any CPU.ActiveCfg = Debug|Any CPU
		{2E63DF62-4D10-4154-8285-F0128A5D3E4B}.Debug|Any CPU.Build.0 = Debug|Any CPU
		{2E63DF62-4D10-4154-8285-F0128A5D3E4B}.Release|Any CPU.ActiveCfg = Release|Any CPU
		{2E63DF62-4D10-4154-8285-F0128A5D3E4B}.Release|Any CPU.Build.0 = Release|Any CPU
		{CE411084-F3CC-46F9-844F-34C819B7DC17}.Debug|Any CPU.ActiveCfg = Debug|Any CPU
		{CE411084-F3CC-46F9-844F-34C819B7DC17}.Debug|Any CPU.Build.0 = Debug|Any CPU
		{CE411084-F3CC-46F9-844F-34C819B7DC17}.Release|Any CPU.ActiveCfg = Release|Any CPU
		{CE411084-F3CC-46F9-844F-34C819B7DC17}.Release|Any CPU.Build.0 = Release|Any CPU
	EndGlobalSection
	GlobalSection(SolutionProperties) = preSolution
		HideSolutionNode = FALSE
	EndGlobalSection
	GlobalSection(ExtensibilityGlobals) = postSolution
		SolutionGuid = {6CF1AD2F-10B7-45B0-A854-934BF7402B68}
	EndGlobalSection
EndGlobal
